
Microsoft Visual Studio Solution File, Format Version 12.00
# Visual Studio Version 17
VisualStudioVersion = 17.0.31903.59
MinimumVisualStudioVersion = 10.0.40219.1
Project("{2150E333-8FDC-42A3-9474-1A3956D46DE8}") = "src", "src", "{827E0CD3-B72D-47B6-A68D-7590B98EB39B}"
EndProject
Project("{2150E333-8FDC-42A3-9474-1A3956D46DE8}") = "Core", "Core", "{8D626EA8-CB54-BC41-363A-217881BEBA6E}"
EndProject
Project("{FAE04EC0-301F-11D3-BF4B-00C04F79EFBC}") = "MMT.Domain", "src\Core\MMT.Domain\MMT.Domain.csproj", "{A1AA5E9B-0ABC-43FA-997D-EE048539F901}"
EndProject
Project("{FAE04EC0-301F-11D3-BF4B-00C04F79EFBC}") = "MMT.Application", "src\Core\MMT.Application\MMT.Application.csproj", "{1860197E-6DCD-418F-8436-1DD09A6A0232}"
EndProject
Project("{2150E333-8FDC-42A3-9474-1A3956D46DE8}") = "Infrastructure", "Infrastructure", "{9048EB7F-3875-A59E-E36B-5BD4C6F2A282}"
EndProject
Project("{FAE04EC0-301F-11D3-BF4B-00C04F79EFBC}") = "MMT.Persistence", "src\Infrastructure\MMT.Persistence\MMT.Persistence.csproj", "{3B2FF472-35F2-41B3-8E29-A3688A743536}"
EndProject
Project("{2150E333-8FDC-42A3-9474-1A3956D46DE8}") = "tests", "tests", "{0AB3BF05-4346-4AA6-1389-037BE0695223}"
EndProject
Project("{FAE04EC0-301F-11D3-BF4B-00C04F79EFBC}") = "MMT.UnitTests", "tests\MMT.UnitTests\MMT.UnitTests.csproj", "{49BA808E-CD2B-49DC-AD0F-D8263C63B8DA}"
EndProject
Project("{2150E333-8FDC-42A3-9474-1A3956D46DE8}") = "Presentation", "Presentation", "{6996BBF7-DB31-59BC-C7DD-9A7CCC6138C4}"
EndProject
Project("{FAE04EC0-301F-11D3-BF4B-00C04F79EFBC}") = "MMT.TelegramBot", "src\Presentation\MMT.TelegramBot\MMT.TelegramBot.csproj", "{A2882F30-8331-4BD4-812B-BC0ADB55327E}"
EndProject
Global
	GlobalSection(SolutionConfigurationPlatforms) = preSolution
		Debug|Any CPU = Debug|Any CPU
		Debug|x64 = Debug|x64
		Debug|x86 = Debug|x86
		Release|Any CPU = Release|Any CPU
		Release|x64 = Release|x64
		Release|x86 = Release|x86
	EndGlobalSection
	GlobalSection(ProjectConfigurationPlatforms) = postSolution
		{A1AA5E9B-0ABC-43FA-997D-EE048539F901}.Debug|Any CPU.ActiveCfg = Debug|Any CPU
		{A1AA5E9B-0ABC-43FA-997D-EE048539F901}.Debug|Any CPU.Build.0 = Debug|Any CPU
		{A1AA5E9B-0ABC-43FA-997D-EE048539F901}.Debug|x64.ActiveCfg = Debug|Any CPU
		{A1AA5E9B-0ABC-43FA-997D-EE048539F901}.Debug|x64.Build.0 = Debug|Any CPU
		{A1AA5E9B-0ABC-43FA-997D-EE048539F901}.Debug|x86.ActiveCfg = Debug|Any CPU
		{A1AA5E9B-0ABC-43FA-997D-EE048539F901}.Debug|x86.Build.0 = Debug|Any CPU
		{A1AA5E9B-0ABC-43FA-997D-EE048539F901}.Release|Any CPU.ActiveCfg = Release|Any CPU
		{A1AA5E9B-0ABC-43FA-997D-EE048539F901}.Release|Any CPU.Build.0 = Release|Any CPU
		{A1AA5E9B-0ABC-43FA-997D-EE048539F901}.Release|x64.ActiveCfg = Release|Any CPU
		{A1AA5E9B-0ABC-43FA-997D-EE048539F901}.Release|x64.Build.0 = Release|Any CPU
		{A1AA5E9B-0ABC-43FA-997D-EE048539F901}.Release|x86.ActiveCfg = Release|Any CPU
		{A1AA5E9B-0ABC-43FA-997D-EE048539F901}.Release|x86.Build.0 = Release|Any CPU
		{1860197E-6DCD-418F-8436-1DD09A6A0232}.Debug|Any CPU.ActiveCfg = Debug|Any CPU
		{1860197E-6DCD-418F-8436-1DD09A6A0232}.Debug|Any CPU.Build.0 = Debug|Any CPU
		{1860197E-6DCD-418F-8436-1DD09A6A0232}.Debug|x64.ActiveCfg = Debug|Any CPU
		{1860197E-6DCD-418F-8436-1DD09A6A0232}.Debug|x64.Build.0 = Debug|Any CPU
		{1860197E-6DCD-418F-8436-1DD09A6A0232}.Debug|x86.ActiveCfg = Debug|Any CPU
		{1860197E-6DCD-418F-8436-1DD09A6A0232}.Debug|x86.Build.0 = Debug|Any CPU
		{1860197E-6DCD-418F-8436-1DD09A6A0232}.Release|Any CPU.ActiveCfg = Release|Any CPU
		{1860197E-6DCD-418F-8436-1DD09A6A0232}.Release|Any CPU.Build.0 = Release|Any CPU
		{1860197E-6DCD-418F-8436-1DD09A6A0232}.Release|x64.ActiveCfg = Release|Any CPU
		{1860197E-6DCD-418F-8436-1DD09A6A0232}.Release|x64.Build.0 = Release|Any CPU
		{1860197E-6DCD-418F-8436-1DD09A6A0232}.Release|x86.ActiveCfg = Release|Any CPU
		{1860197E-6DCD-418F-8436-1DD09A6A0232}.Release|x86.Build.0 = Release|Any CPU
		{3B2FF472-35F2-41B3-8E29-A3688A743536}.Debug|Any CPU.ActiveCfg = Debug|Any CPU
		{3B2FF472-35F2-41B3-8E29-A3688A743536}.Debug|Any CPU.Build.0 = Debug|Any CPU
		{3B2FF472-35F2-41B3-8E29-A3688A743536}.Debug|x64.ActiveCfg = Debug|Any CPU
		{3B2FF472-35F2-41B3-8E29-A3688A743536}.Debug|x64.Build.0 = Debug|Any CPU
		{3B2FF472-35F2-41B3-8E29-A3688A743536}.Debug|x86.ActiveCfg = Debug|Any CPU
		{3B2FF472-35F2-41B3-8E29-A3688A743536}.Debug|x86.Build.0 = Debug|Any CPU
		{3B2FF472-35F2-41B3-8E29-A3688A743536}.Release|Any CPU.ActiveCfg = Release|Any CPU
		{3B2FF472-35F2-41B3-8E29-A3688A743536}.Release|Any CPU.Build.0 = Release|Any CPU
		{3B2FF472-35F2-41B3-8E29-A3688A743536}.Release|x64.ActiveCfg = Release|Any CPU
		{3B2FF472-35F2-41B3-8E29-A3688A743536}.Release|x64.Build.0 = Release|Any CPU
		{3B2FF472-35F2-41B3-8E29-A3688A743536}.Release|x86.ActiveCfg = Release|Any CPU
		{3B2FF472-35F2-41B3-8E29-A3688A743536}.Release|x86.Build.0 = Release|Any CPU
		{49BA808E-CD2B-49DC-AD0F-D8263C63B8DA}.Debug|Any CPU.ActiveCfg = Debug|Any CPU
		{49BA808E-CD2B-49DC-AD0F-D8263C63B8DA}.Debug|Any CPU.Build.0 = Debug|Any CPU
		{49BA808E-CD2B-49DC-AD0F-D8263C63B8DA}.Debug|x64.ActiveCfg = Debug|Any CPU
		{49BA808E-CD2B-49DC-AD0F-D8263C63B8DA}.Debug|x64.Build.0 = Debug|Any CPU
		{49BA808E-CD2B-49DC-AD0F-D8263C63B8DA}.Debug|x86.ActiveCfg = Debug|Any CPU
		{49BA808E-CD2B-49DC-AD0F-D8263C63B8DA}.Debug|x86.Build.0 = Debug|Any CPU
		{49BA808E-CD2B-49DC-AD0F-D8263C63B8DA}.Release|Any CPU.ActiveCfg = Release|Any CPU
		{49BA808E-CD2B-49DC-AD0F-D8263C63B8DA}.Release|Any CPU.Build.0 = Release|Any CPU
		{49BA808E-CD2B-49DC-AD0F-D8263C63B8DA}.Release|x64.ActiveCfg = Release|Any CPU
		{49BA808E-CD2B-49DC-AD0F-D8263C63B8DA}.Release|x64.Build.0 = Release|Any CPU
		{49BA808E-CD2B-49DC-AD0F-D8263C63B8DA}.Release|x86.ActiveCfg = Release|Any CPU
		{49BA808E-CD2B-49DC-AD0F-D8263C63B8DA}.Release|x86.Build.0 = Release|Any CPU
		{A2882F30-8331-4BD4-812B-BC0ADB55327E}.Debug|Any CPU.ActiveCfg = Debug|Any CPU
		{A2882F30-8331-4BD4-812B-BC0ADB55327E}.Debug|Any CPU.Build.0 = Debug|Any CPU
		{A2882F30-8331-4BD4-812B-BC0ADB55327E}.Debug|x64.ActiveCfg = Debug|Any CPU
		{A2882F30-8331-4BD4-812B-BC0ADB55327E}.Debug|x64.Build.0 = Debug|Any CPU
		{A2882F30-8331-4BD4-812B-BC0ADB55327E}.Debug|x86.ActiveCfg = Debug|Any CPU
		{A2882F30-8331-4BD4-812B-BC0ADB55327E}.Debug|x86.Build.0 = Debug|Any CPU
		{A2882F30-8331-4BD4-812B-BC0ADB55327E}.Release|Any CPU.ActiveCfg = Release|Any CPU
		{A2882F30-8331-4BD4-812B-BC0ADB55327E}.Release|Any CPU.Build.0 = Release|Any CPU
		{A2882F30-8331-4BD4-812B-BC0ADB55327E}.Release|x64.ActiveCfg = Release|Any CPU
		{A2882F30-8331-4BD4-812B-BC0ADB55327E}.Release|x64.Build.0 = Release|Any CPU
		{A2882F30-8331-4BD4-812B-BC0ADB55327E}.Release|x86.ActiveCfg = Release|Any CPU
		{A2882F30-8331-4BD4-812B-BC0ADB55327E}.Release|x86.Build.0 = Release|Any CPU
	EndGlobalSection
	GlobalSection(SolutionProperties) = preSolution
		HideSolutionNode = FALSE
	EndGlobalSection
	GlobalSection(NestedProjects) = preSolution
		{8D626EA8-CB54-BC41-363A-217881BEBA6E} = {827E0CD3-B72D-47B6-A68D-7590B98EB39B}
		{A1AA5E9B-0ABC-43FA-997D-EE048539F901} = {8D626EA8-CB54-BC41-363A-217881BEBA6E}
		{1860197E-6DCD-418F-8436-1DD09A6A0232} = {8D626EA8-CB54-BC41-363A-217881BEBA6E}
		{9048EB7F-3875-A59E-E36B-5BD4C6F2A282} = {827E0CD3-B72D-47B6-A68D-7590B98EB39B}
		{3B2FF472-35F2-41B3-8E29-A3688A743536} = {9048EB7F-3875-A59E-E36B-5BD4C6F2A282}
		{49BA808E-CD2B-49DC-AD0F-D8263C63B8DA} = {0AB3BF05-4346-4AA6-1389-037BE0695223}
		{6996BBF7-DB31-59BC-C7DD-9A7CCC6138C4} = {827E0CD3-B72D-47B6-A68D-7590B98EB39B}
		{A2882F30-8331-4BD4-812B-BC0ADB55327E} = {6996BBF7-DB31-59BC-C7DD-9A7CCC6138C4}
	EndGlobalSection
EndGlobal
